
Microsoft Visual Studio Solution File, Format Version 12.00
# Visual Studio Version 16
VisualStudioVersion = 16.0.29209.62
MinimumVisualStudioVersion = 10.0.40219.1
Project("{2150E333-8FDC-42A3-9474-1A3956D46DE8}") = "Modules", "Modules", "{910C669C-498E-4F75-AA4A-8B424E5975FA}"
EndProject
Project("{FAE04EC0-301F-11D3-BF4B-00C04F79EFBC}") = "CoreNetwork", "Modules\CoreNetwork\CoreNetwork.csproj", "{064B0EBE-7A12-4082-9A1C-5F96F3C2E990}"
EndProject
Project("{FAE04EC0-301F-11D3-BF4B-00C04F79EFBC}") = "DataExchange", "Modules\DataExchange\DataExchange.csproj", "{5775DF2F-C737-4BF4-A610-E1A73E782615}"
EndProject
Project("{FAE04EC0-301F-11D3-BF4B-00C04F79EFBC}") = "Documents", "Modules\Documents\Documents.csproj", "{DCC8E88F-B8AC-41C8-BA0D-B0537C15ED56}"
EndProject
Project("{FAE04EC0-301F-11D3-BF4B-00C04F79EFBC}") = "Events", "Modules\Events\Events.csproj", "{278F027C-DCA0-46C4-AD0C-FDC411237446}"
EndProject
Project("{FAE04EC0-301F-11D3-BF4B-00C04F79EFBC}") = "FormGenerator", "Modules\FormGenerator\FormGenerator.csproj", "{9BD7F493-2515-4884-96B4-7B9912C38593}"
EndProject
Project("{FAE04EC0-301F-11D3-BF4B-00C04F79EFBC}") = "GlobalUtilities", "Modules\GlobalUtilities\GlobalUtilities.csproj", "{2B4F83EF-6E5D-49B7-A54E-6C72D0B3B9A4}"
EndProject
Project("{FAE04EC0-301F-11D3-BF4B-00C04F79EFBC}") = "Jobs", "Modules\Jobs\Jobs.csproj", "{729EF91C-DE5E-430A-9696-BB187D0120F6}"
EndProject
Project("{FAE04EC0-301F-11D3-BF4B-00C04F79EFBC}") = "Knowledge", "Modules\Knowledge\Knowledge.csproj", "{EB97C3A4-7D4A-47AF-9CA1-3D56A075DD30}"
EndProject
Project("{FAE04EC0-301F-11D3-BF4B-00C04F79EFBC}") = "Log", "Modules\Log\Log.csproj", "{6861294C-2A08-4C7B-9CDD-AF2F9B3DD13C}"
EndProject
Project("{FAE04EC0-301F-11D3-BF4B-00C04F79EFBC}") = "Messaging", "Modules\Messaging\Messaging.csproj", "{61BA0B0D-B27B-49C4-BDD1-E9F54369B530}"
EndProject
Project("{FAE04EC0-301F-11D3-BF4B-00C04F79EFBC}") = "NotificationCenter", "Modules\NotificationCenter\NotificationCenter.csproj", "{7E74A5AE-2422-4D87-98E8-77F100E35149}"
EndProject
Project("{FAE04EC0-301F-11D3-BF4B-00C04F79EFBC}") = "Privacy", "Modules\Privacy\Privacy.csproj", "{A9EC2A73-025C-4C50-975A-B44F0618F4B0}"
EndProject
Project("{FAE04EC0-301F-11D3-BF4B-00C04F79EFBC}") = "QA", "Modules\QA\QA.csproj", "{2AAFEF43-5FE9-4DE2-9A1D-635DE68E3347}"
EndProject
Project("{FAE04EC0-301F-11D3-BF4B-00C04F79EFBC}") = "RaaiVanConfig", "Modules\RaaiVanConfig\RaaiVanConfig.csproj", "{D54AEBE3-5826-4A94-BFD9-4029612A89B1}"
EndProject
Project("{FAE04EC0-301F-11D3-BF4B-00C04F79EFBC}") = "RaaiVanIntermediate", "Modules\RaaiVanIntermediate\RaaiVanIntermediate.csproj", "{DEF1F4BA-8E78-4B87-A579-5DCADC60E03F}"
EndProject
Project("{FAE04EC0-301F-11D3-BF4B-00C04F79EFBC}") = "Reports", "Modules\Reports\Reports.csproj", "{F8FEEC93-DAF8-418B-A2E1-E5A99722FE52}"
EndProject
Project("{FAE04EC0-301F-11D3-BF4B-00C04F79EFBC}") = "Search", "Modules\Search\Search.csproj", "{4B31D505-BC28-4886-BE27-538BA154B60E}"
EndProject
Project("{FAE04EC0-301F-11D3-BF4B-00C04F79EFBC}") = "RSS", "Modules\RSS\RSS.csproj", "{9EDF20F2-5BDA-43AB-B00F-4ABDF084BBF4}"
EndProject
Project("{FAE04EC0-301F-11D3-BF4B-00C04F79EFBC}") = "Sharing", "Modules\Sharing\Sharing.csproj", "{6AC05AE3-E4E1-49FD-8C65-2A1401243D8F}"
EndProject
Project("{FAE04EC0-301F-11D3-BF4B-00C04F79EFBC}") = "Users", "Modules\Users\Users.csproj", "{B2F7609D-FE8D-4518-85BC-D03F081362DA}"
EndProject
Project("{FAE04EC0-301F-11D3-BF4B-00C04F79EFBC}") = "Wiki", "Modules\Wiki\Wiki.csproj", "{86AF0012-C95B-4E91-AA67-78191E1F31EB}"
EndProject
Project("{FAE04EC0-301F-11D3-BF4B-00C04F79EFBC}") = "WorkFlow", "Modules\WorkFlow\WorkFlow.csproj", "{90815CC0-760B-4936-AAC3-CA225D0F61A6}"
EndProject
Project("{FAE04EC0-301F-11D3-BF4B-00C04F79EFBC}") = "RaaiVan", "Web\RaaiVan.csproj", "{D91392A2-ED28-445B-B8F7-A3719CD2DFB4}"
EndProject
Project("{E53339B2-1760-4266-BCC7-CA923CBCF16C}") = "docker-compose", "docker-compose.dcproj", "{4D53B202-D721-4228-9BC3-699F4C42CFAB}"
EndProject
Global
	GlobalSection(SolutionConfigurationPlatforms) = preSolution
		Debug|Any CPU = Debug|Any CPU
		Debug|x64 = Debug|x64
		Debug|x86 = Debug|x86
		Release|Any CPU = Release|Any CPU
		Release|x64 = Release|x64
		Release|x86 = Release|x86
	EndGlobalSection
	GlobalSection(ProjectConfigurationPlatforms) = postSolution
		{064B0EBE-7A12-4082-9A1C-5F96F3C2E990}.Debug|Any CPU.ActiveCfg = Debug|Any CPU
		{064B0EBE-7A12-4082-9A1C-5F96F3C2E990}.Debug|Any CPU.Build.0 = Debug|Any CPU
		{064B0EBE-7A12-4082-9A1C-5F96F3C2E990}.Debug|x64.ActiveCfg = Debug|x64
		{064B0EBE-7A12-4082-9A1C-5F96F3C2E990}.Debug|x64.Build.0 = Debug|x64
		{064B0EBE-7A12-4082-9A1C-5F96F3C2E990}.Debug|x86.ActiveCfg = Debug|x86
		{064B0EBE-7A12-4082-9A1C-5F96F3C2E990}.Debug|x86.Build.0 = Debug|x86
		{064B0EBE-7A12-4082-9A1C-5F96F3C2E990}.Release|Any CPU.ActiveCfg = Release|Any CPU
		{064B0EBE-7A12-4082-9A1C-5F96F3C2E990}.Release|Any CPU.Build.0 = Release|Any CPU
		{064B0EBE-7A12-4082-9A1C-5F96F3C2E990}.Release|x64.ActiveCfg = Release|x64
		{064B0EBE-7A12-4082-9A1C-5F96F3C2E990}.Release|x64.Build.0 = Release|x64
		{064B0EBE-7A12-4082-9A1C-5F96F3C2E990}.Release|x86.ActiveCfg = Release|x86
		{064B0EBE-7A12-4082-9A1C-5F96F3C2E990}.Release|x86.Build.0 = Release|x86
		{5775DF2F-C737-4BF4-A610-E1A73E782615}.Debug|Any CPU.ActiveCfg = Debug|Any CPU
		{5775DF2F-C737-4BF4-A610-E1A73E782615}.Debug|Any CPU.Build.0 = Debug|Any CPU
		{5775DF2F-C737-4BF4-A610-E1A73E782615}.Debug|x64.ActiveCfg = Debug|x64
		{5775DF2F-C737-4BF4-A610-E1A73E782615}.Debug|x64.Build.0 = Debug|x64
		{5775DF2F-C737-4BF4-A610-E1A73E782615}.Debug|x86.ActiveCfg = Debug|x86
		{5775DF2F-C737-4BF4-A610-E1A73E782615}.Debug|x86.Build.0 = Debug|x86
		{5775DF2F-C737-4BF4-A610-E1A73E782615}.Release|Any CPU.ActiveCfg = Release|Any CPU
		{5775DF2F-C737-4BF4-A610-E1A73E782615}.Release|Any CPU.Build.0 = Release|Any CPU
		{5775DF2F-C737-4BF4-A610-E1A73E782615}.Release|x64.ActiveCfg = Release|x64
		{5775DF2F-C737-4BF4-A610-E1A73E782615}.Release|x64.Build.0 = Release|x64
		{5775DF2F-C737-4BF4-A610-E1A73E782615}.Release|x86.ActiveCfg = Release|x86
		{5775DF2F-C737-4BF4-A610-E1A73E782615}.Release|x86.Build.0 = Release|x86
		{DCC8E88F-B8AC-41C8-BA0D-B0537C15ED56}.Debug|Any CPU.ActiveCfg = Debug|Any CPU
		{DCC8E88F-B8AC-41C8-BA0D-B0537C15ED56}.Debug|Any CPU.Build.0 = Debug|Any CPU
		{DCC8E88F-B8AC-41C8-BA0D-B0537C15ED56}.Debug|x64.ActiveCfg = Debug|x64
		{DCC8E88F-B8AC-41C8-BA0D-B0537C15ED56}.Debug|x64.Build.0 = Debug|x64
		{DCC8E88F-B8AC-41C8-BA0D-B0537C15ED56}.Debug|x86.ActiveCfg = Debug|x86
		{DCC8E88F-B8AC-41C8-BA0D-B0537C15ED56}.Debug|x86.Build.0 = Debug|x86
		{DCC8E88F-B8AC-41C8-BA0D-B0537C15ED56}.Release|Any CPU.ActiveCfg = Release|Any CPU
		{DCC8E88F-B8AC-41C8-BA0D-B0537C15ED56}.Release|Any CPU.Build.0 = Release|Any CPU
		{DCC8E88F-B8AC-41C8-BA0D-B0537C15ED56}.Release|x64.ActiveCfg = Release|x64
		{DCC8E88F-B8AC-41C8-BA0D-B0537C15ED56}.Release|x64.Build.0 = Release|x64
		{DCC8E88F-B8AC-41C8-BA0D-B0537C15ED56}.Release|x86.ActiveCfg = Release|x86
		{DCC8E88F-B8AC-41C8-BA0D-B0537C15ED56}.Release|x86.Build.0 = Release|x86
		{278F027C-DCA0-46C4-AD0C-FDC411237446}.Debug|Any CPU.ActiveCfg = Debug|Any CPU
		{278F027C-DCA0-46C4-AD0C-FDC411237446}.Debug|Any CPU.Build.0 = Debug|Any CPU
		{278F027C-DCA0-46C4-AD0C-FDC411237446}.Debug|x64.ActiveCfg = Debug|x64
		{278F027C-DCA0-46C4-AD0C-FDC411237446}.Debug|x64.Build.0 = Debug|x64
		{278F027C-DCA0-46C4-AD0C-FDC411237446}.Debug|x86.ActiveCfg = Debug|x86
		{278F027C-DCA0-46C4-AD0C-FDC411237446}.Debug|x86.Build.0 = Debug|x86
		{278F027C-DCA0-46C4-AD0C-FDC411237446}.Release|Any CPU.ActiveCfg = Release|Any CPU
		{278F027C-DCA0-46C4-AD0C-FDC411237446}.Release|Any CPU.Build.0 = Release|Any CPU
		{278F027C-DCA0-46C4-AD0C-FDC411237446}.Release|x64.ActiveCfg = Release|x64
		{278F027C-DCA0-46C4-AD0C-FDC411237446}.Release|x64.Build.0 = Release|x64
		{278F027C-DCA0-46C4-AD0C-FDC411237446}.Release|x86.ActiveCfg = Release|x86
		{278F027C-DCA0-46C4-AD0C-FDC411237446}.Release|x86.Build.0 = Release|x86
		{9BD7F493-2515-4884-96B4-7B9912C38593}.Debug|Any CPU.ActiveCfg = Debug|Any CPU
		{9BD7F493-2515-4884-96B4-7B9912C38593}.Debug|Any CPU.Build.0 = Debug|Any CPU
		{9BD7F493-2515-4884-96B4-7B9912C38593}.Debug|x64.ActiveCfg = Debug|x64
		{9BD7F493-2515-4884-96B4-7B9912C38593}.Debug|x64.Build.0 = Debug|x64
		{9BD7F493-2515-4884-96B4-7B9912C38593}.Debug|x86.ActiveCfg = Debug|x86
		{9BD7F493-2515-4884-96B4-7B9912C38593}.Debug|x86.Build.0 = Debug|x86
		{9BD7F493-2515-4884-96B4-7B9912C38593}.Release|Any CPU.ActiveCfg = Release|Any CPU
		{9BD7F493-2515-4884-96B4-7B9912C38593}.Release|Any CPU.Build.0 = Release|Any CPU
		{9BD7F493-2515-4884-96B4-7B9912C38593}.Release|x64.ActiveCfg = Release|x64
		{9BD7F493-2515-4884-96B4-7B9912C38593}.Release|x64.Build.0 = Release|x64
		{9BD7F493-2515-4884-96B4-7B9912C38593}.Release|x86.ActiveCfg = Release|x86
		{9BD7F493-2515-4884-96B4-7B9912C38593}.Release|x86.Build.0 = Release|x86
		{2B4F83EF-6E5D-49B7-A54E-6C72D0B3B9A4}.Debug|Any CPU.ActiveCfg = Debug|Any CPU
		{2B4F83EF-6E5D-49B7-A54E-6C72D0B3B9A4}.Debug|Any CPU.Build.0 = Debug|Any CPU
		{2B4F83EF-6E5D-49B7-A54E-6C72D0B3B9A4}.Debug|x64.ActiveCfg = Debug|x64
		{2B4F83EF-6E5D-49B7-A54E-6C72D0B3B9A4}.Debug|x64.Build.0 = Debug|x64
		{2B4F83EF-6E5D-49B7-A54E-6C72D0B3B9A4}.Debug|x86.ActiveCfg = Debug|x86
		{2B4F83EF-6E5D-49B7-A54E-6C72D0B3B9A4}.Debug|x86.Build.0 = Debug|x86
		{2B4F83EF-6E5D-49B7-A54E-6C72D0B3B9A4}.Release|Any CPU.ActiveCfg = Release|Any CPU
		{2B4F83EF-6E5D-49B7-A54E-6C72D0B3B9A4}.Release|Any CPU.Build.0 = Release|Any CPU
		{2B4F83EF-6E5D-49B7-A54E-6C72D0B3B9A4}.Release|x64.ActiveCfg = Release|x64
		{2B4F83EF-6E5D-49B7-A54E-6C72D0B3B9A4}.Release|x64.Build.0 = Release|x64
		{2B4F83EF-6E5D-49B7-A54E-6C72D0B3B9A4}.Release|x86.ActiveCfg = Release|x86
		{2B4F83EF-6E5D-49B7-A54E-6C72D0B3B9A4}.Release|x86.Build.0 = Release|x86
		{729EF91C-DE5E-430A-9696-BB187D0120F6}.Debug|Any CPU.ActiveCfg = Debug|Any CPU
		{729EF91C-DE5E-430A-9696-BB187D0120F6}.Debug|Any CPU.Build.0 = Debug|Any CPU
		{729EF91C-DE5E-430A-9696-BB187D0120F6}.Debug|x64.ActiveCfg = Debug|x64
		{729EF91C-DE5E-430A-9696-BB187D0120F6}.Debug|x64.Build.0 = Debug|x64
		{729EF91C-DE5E-430A-9696-BB187D0120F6}.Debug|x86.ActiveCfg = Debug|x86
		{729EF91C-DE5E-430A-9696-BB187D0120F6}.Debug|x86.Build.0 = Debug|x86
		{729EF91C-DE5E-430A-9696-BB187D0120F6}.Release|Any CPU.ActiveCfg = Release|Any CPU
		{729EF91C-DE5E-430A-9696-BB187D0120F6}.Release|Any CPU.Build.0 = Release|Any CPU
		{729EF91C-DE5E-430A-9696-BB187D0120F6}.Release|x64.ActiveCfg = Release|x64
		{729EF91C-DE5E-430A-9696-BB187D0120F6}.Release|x64.Build.0 = Release|x64
		{729EF91C-DE5E-430A-9696-BB187D0120F6}.Release|x86.ActiveCfg = Release|x86
		{729EF91C-DE5E-430A-9696-BB187D0120F6}.Release|x86.Build.0 = Release|x86
		{EB97C3A4-7D4A-47AF-9CA1-3D56A075DD30}.Debug|Any CPU.ActiveCfg = Debug|Any CPU
		{EB97C3A4-7D4A-47AF-9CA1-3D56A075DD30}.Debug|Any CPU.Build.0 = Debug|Any CPU
		{EB97C3A4-7D4A-47AF-9CA1-3D56A075DD30}.Debug|x64.ActiveCfg = Debug|x64
		{EB97C3A4-7D4A-47AF-9CA1-3D56A075DD30}.Debug|x64.Build.0 = Debug|x64
		{EB97C3A4-7D4A-47AF-9CA1-3D56A075DD30}.Debug|x86.ActiveCfg = Debug|x86
		{EB97C3A4-7D4A-47AF-9CA1-3D56A075DD30}.Debug|x86.Build.0 = Debug|x86
		{EB97C3A4-7D4A-47AF-9CA1-3D56A075DD30}.Release|Any CPU.ActiveCfg = Release|Any CPU
		{EB97C3A4-7D4A-47AF-9CA1-3D56A075DD30}.Release|Any CPU.Build.0 = Release|Any CPU
		{EB97C3A4-7D4A-47AF-9CA1-3D56A075DD30}.Release|x64.ActiveCfg = Release|x64
		{EB97C3A4-7D4A-47AF-9CA1-3D56A075DD30}.Release|x64.Build.0 = Release|x64
		{EB97C3A4-7D4A-47AF-9CA1-3D56A075DD30}.Release|x86.ActiveCfg = Release|x86
		{EB97C3A4-7D4A-47AF-9CA1-3D56A075DD30}.Release|x86.Build.0 = Release|x86
		{6861294C-2A08-4C7B-9CDD-AF2F9B3DD13C}.Debug|Any CPU.ActiveCfg = Debug|Any CPU
		{6861294C-2A08-4C7B-9CDD-AF2F9B3DD13C}.Debug|Any CPU.Build.0 = Debug|Any CPU
		{6861294C-2A08-4C7B-9CDD-AF2F9B3DD13C}.Debug|x64.ActiveCfg = Debug|x64
		{6861294C-2A08-4C7B-9CDD-AF2F9B3DD13C}.Debug|x64.Build.0 = Debug|x64
		{6861294C-2A08-4C7B-9CDD-AF2F9B3DD13C}.Debug|x86.ActiveCfg = Debug|x86
		{6861294C-2A08-4C7B-9CDD-AF2F9B3DD13C}.Debug|x86.Build.0 = Debug|x86
		{6861294C-2A08-4C7B-9CDD-AF2F9B3DD13C}.Release|Any CPU.ActiveCfg = Release|Any CPU
		{6861294C-2A08-4C7B-9CDD-AF2F9B3DD13C}.Release|Any CPU.Build.0 = Release|Any CPU
		{6861294C-2A08-4C7B-9CDD-AF2F9B3DD13C}.Release|x64.ActiveCfg = Release|x64
		{6861294C-2A08-4C7B-9CDD-AF2F9B3DD13C}.Release|x64.Build.0 = Release|x64
		{6861294C-2A08-4C7B-9CDD-AF2F9B3DD13C}.Release|x86.ActiveCfg = Release|x86
		{6861294C-2A08-4C7B-9CDD-AF2F9B3DD13C}.Release|x86.Build.0 = Release|x86
		{61BA0B0D-B27B-49C4-BDD1-E9F54369B530}.Debug|Any CPU.ActiveCfg = Debug|Any CPU
		{61BA0B0D-B27B-49C4-BDD1-E9F54369B530}.Debug|Any CPU.Build.0 = Debug|Any CPU
		{61BA0B0D-B27B-49C4-BDD1-E9F54369B530}.Debug|x64.ActiveCfg = Debug|x64
		{61BA0B0D-B27B-49C4-BDD1-E9F54369B530}.Debug|x64.Build.0 = Debug|x64
		{61BA0B0D-B27B-49C4-BDD1-E9F54369B530}.Debug|x86.ActiveCfg = Debug|x86
		{61BA0B0D-B27B-49C4-BDD1-E9F54369B530}.Debug|x86.Build.0 = Debug|x86
		{61BA0B0D-B27B-49C4-BDD1-E9F54369B530}.Release|Any CPU.ActiveCfg = Release|Any CPU
		{61BA0B0D-B27B-49C4-BDD1-E9F54369B530}.Release|Any CPU.Build.0 = Release|Any CPU
		{61BA0B0D-B27B-49C4-BDD1-E9F54369B530}.Release|x64.ActiveCfg = Release|x64
		{61BA0B0D-B27B-49C4-BDD1-E9F54369B530}.Release|x64.Build.0 = Release|x64
		{61BA0B0D-B27B-49C4-BDD1-E9F54369B530}.Release|x86.ActiveCfg = Release|x86
		{61BA0B0D-B27B-49C4-BDD1-E9F54369B530}.Release|x86.Build.0 = Release|x86
		{7E74A5AE-2422-4D87-98E8-77F100E35149}.Debug|Any CPU.ActiveCfg = Debug|Any CPU
		{7E74A5AE-2422-4D87-98E8-77F100E35149}.Debug|Any CPU.Build.0 = Debug|Any CPU
		{7E74A5AE-2422-4D87-98E8-77F100E35149}.Debug|x64.ActiveCfg = Debug|x64
		{7E74A5AE-2422-4D87-98E8-77F100E35149}.Debug|x64.Build.0 = Debug|x64
		{7E74A5AE-2422-4D87-98E8-77F100E35149}.Debug|x86.ActiveCfg = Debug|x86
		{7E74A5AE-2422-4D87-98E8-77F100E35149}.Debug|x86.Build.0 = Debug|x86
		{7E74A5AE-2422-4D87-98E8-77F100E35149}.Release|Any CPU.ActiveCfg = Release|Any CPU
		{7E74A5AE-2422-4D87-98E8-77F100E35149}.Release|Any CPU.Build.0 = Release|Any CPU
		{7E74A5AE-2422-4D87-98E8-77F100E35149}.Release|x64.ActiveCfg = Release|x64
		{7E74A5AE-2422-4D87-98E8-77F100E35149}.Release|x64.Build.0 = Release|x64
		{7E74A5AE-2422-4D87-98E8-77F100E35149}.Release|x86.ActiveCfg = Release|x86
		{7E74A5AE-2422-4D87-98E8-77F100E35149}.Release|x86.Build.0 = Release|x86
		{A9EC2A73-025C-4C50-975A-B44F0618F4B0}.Debug|Any CPU.ActiveCfg = Debug|Any CPU
		{A9EC2A73-025C-4C50-975A-B44F0618F4B0}.Debug|Any CPU.Build.0 = Debug|Any CPU
		{A9EC2A73-025C-4C50-975A-B44F0618F4B0}.Debug|x64.ActiveCfg = Debug|x64
		{A9EC2A73-025C-4C50-975A-B44F0618F4B0}.Debug|x64.Build.0 = Debug|x64
		{A9EC2A73-025C-4C50-975A-B44F0618F4B0}.Debug|x86.ActiveCfg = Debug|x86
		{A9EC2A73-025C-4C50-975A-B44F0618F4B0}.Debug|x86.Build.0 = Debug|x86
		{A9EC2A73-025C-4C50-975A-B44F0618F4B0}.Release|Any CPU.ActiveCfg = Release|Any CPU
		{A9EC2A73-025C-4C50-975A-B44F0618F4B0}.Release|Any CPU.Build.0 = Release|Any CPU
		{A9EC2A73-025C-4C50-975A-B44F0618F4B0}.Release|x64.ActiveCfg = Release|x64
		{A9EC2A73-025C-4C50-975A-B44F0618F4B0}.Release|x64.Build.0 = Release|x64
		{A9EC2A73-025C-4C50-975A-B44F0618F4B0}.Release|x86.ActiveCfg = Release|x86
		{A9EC2A73-025C-4C50-975A-B44F0618F4B0}.Release|x86.Build.0 = Release|x86
		{2AAFEF43-5FE9-4DE2-9A1D-635DE68E3347}.Debug|Any CPU.ActiveCfg = Debug|Any CPU
		{2AAFEF43-5FE9-4DE2-9A1D-635DE68E3347}.Debug|Any CPU.Build.0 = Debug|Any CPU
		{2AAFEF43-5FE9-4DE2-9A1D-635DE68E3347}.Debug|x64.ActiveCfg = Debug|x64
		{2AAFEF43-5FE9-4DE2-9A1D-635DE68E3347}.Debug|x64.Build.0 = Debug|x64
		{2AAFEF43-5FE9-4DE2-9A1D-635DE68E3347}.Debug|x86.ActiveCfg = Debug|x86
		{2AAFEF43-5FE9-4DE2-9A1D-635DE68E3347}.Debug|x86.Build.0 = Debug|x86
		{2AAFEF43-5FE9-4DE2-9A1D-635DE68E3347}.Release|Any CPU.ActiveCfg = Release|Any CPU
		{2AAFEF43-5FE9-4DE2-9A1D-635DE68E3347}.Release|Any CPU.Build.0 = Release|Any CPU
		{2AAFEF43-5FE9-4DE2-9A1D-635DE68E3347}.Release|x64.ActiveCfg = Release|x64
		{2AAFEF43-5FE9-4DE2-9A1D-635DE68E3347}.Release|x64.Build.0 = Release|x64
		{2AAFEF43-5FE9-4DE2-9A1D-635DE68E3347}.Release|x86.ActiveCfg = Release|x86
		{2AAFEF43-5FE9-4DE2-9A1D-635DE68E3347}.Release|x86.Build.0 = Release|x86
		{D54AEBE3-5826-4A94-BFD9-4029612A89B1}.Debug|Any CPU.ActiveCfg = Debug|Any CPU
		{D54AEBE3-5826-4A94-BFD9-4029612A89B1}.Debug|Any CPU.Build.0 = Debug|Any CPU
		{D54AEBE3-5826-4A94-BFD9-4029612A89B1}.Debug|x64.ActiveCfg = Debug|x64
		{D54AEBE3-5826-4A94-BFD9-4029612A89B1}.Debug|x64.Build.0 = Debug|x64
		{D54AEBE3-5826-4A94-BFD9-4029612A89B1}.Debug|x86.ActiveCfg = Debug|x86
		{D54AEBE3-5826-4A94-BFD9-4029612A89B1}.Debug|x86.Build.0 = Debug|x86
		{D54AEBE3-5826-4A94-BFD9-4029612A89B1}.Release|Any CPU.ActiveCfg = Release|Any CPU
		{D54AEBE3-5826-4A94-BFD9-4029612A89B1}.Release|Any CPU.Build.0 = Release|Any CPU
		{D54AEBE3-5826-4A94-BFD9-4029612A89B1}.Release|x64.ActiveCfg = Release|x64
		{D54AEBE3-5826-4A94-BFD9-4029612A89B1}.Release|x64.Build.0 = Release|x64
		{D54AEBE3-5826-4A94-BFD9-4029612A89B1}.Release|x86.ActiveCfg = Release|x86
		{D54AEBE3-5826-4A94-BFD9-4029612A89B1}.Release|x86.Build.0 = Release|x86
		{DEF1F4BA-8E78-4B87-A579-5DCADC60E03F}.Debug|Any CPU.ActiveCfg = Debug|Any CPU
		{DEF1F4BA-8E78-4B87-A579-5DCADC60E03F}.Debug|Any CPU.Build.0 = Debug|Any CPU
		{DEF1F4BA-8E78-4B87-A579-5DCADC60E03F}.Debug|x64.ActiveCfg = Debug|x64
		{DEF1F4BA-8E78-4B87-A579-5DCADC60E03F}.Debug|x64.Build.0 = Debug|x64
		{DEF1F4BA-8E78-4B87-A579-5DCADC60E03F}.Debug|x86.ActiveCfg = Debug|x86
		{DEF1F4BA-8E78-4B87-A579-5DCADC60E03F}.Debug|x86.Build.0 = Debug|x86
		{DEF1F4BA-8E78-4B87-A579-5DCADC60E03F}.Release|Any CPU.ActiveCfg = Release|Any CPU
		{DEF1F4BA-8E78-4B87-A579-5DCADC60E03F}.Release|Any CPU.Build.0 = Release|Any CPU
		{DEF1F4BA-8E78-4B87-A579-5DCADC60E03F}.Release|x64.ActiveCfg = Release|x64
		{DEF1F4BA-8E78-4B87-A579-5DCADC60E03F}.Release|x64.Build.0 = Release|x64
		{DEF1F4BA-8E78-4B87-A579-5DCADC60E03F}.Release|x86.ActiveCfg = Release|x86
		{DEF1F4BA-8E78-4B87-A579-5DCADC60E03F}.Release|x86.Build.0 = Release|x86
		{F8FEEC93-DAF8-418B-A2E1-E5A99722FE52}.Debug|Any CPU.ActiveCfg = Debug|Any CPU
		{F8FEEC93-DAF8-418B-A2E1-E5A99722FE52}.Debug|Any CPU.Build.0 = Debug|Any CPU
		{F8FEEC93-DAF8-418B-A2E1-E5A99722FE52}.Debug|x64.ActiveCfg = Debug|x64
		{F8FEEC93-DAF8-418B-A2E1-E5A99722FE52}.Debug|x64.Build.0 = Debug|x64
		{F8FEEC93-DAF8-418B-A2E1-E5A99722FE52}.Debug|x86.ActiveCfg = Debug|x86
		{F8FEEC93-DAF8-418B-A2E1-E5A99722FE52}.Debug|x86.Build.0 = Debug|x86
		{F8FEEC93-DAF8-418B-A2E1-E5A99722FE52}.Release|Any CPU.ActiveCfg = Release|Any CPU
		{F8FEEC93-DAF8-418B-A2E1-E5A99722FE52}.Release|Any CPU.Build.0 = Release|Any CPU
		{F8FEEC93-DAF8-418B-A2E1-E5A99722FE52}.Release|x64.ActiveCfg = Release|x64
		{F8FEEC93-DAF8-418B-A2E1-E5A99722FE52}.Release|x64.Build.0 = Release|x64
		{F8FEEC93-DAF8-418B-A2E1-E5A99722FE52}.Release|x86.ActiveCfg = Release|x86
		{F8FEEC93-DAF8-418B-A2E1-E5A99722FE52}.Release|x86.Build.0 = Release|x86
		{4B31D505-BC28-4886-BE27-538BA154B60E}.Debug|Any CPU.ActiveCfg = Debug|Any CPU
		{4B31D505-BC28-4886-BE27-538BA154B60E}.Debug|Any CPU.Build.0 = Debug|Any CPU
		{4B31D505-BC28-4886-BE27-538BA154B60E}.Debug|x64.ActiveCfg = Debug|x64
		{4B31D505-BC28-4886-BE27-538BA154B60E}.Debug|x64.Build.0 = Debug|x64
		{4B31D505-BC28-4886-BE27-538BA154B60E}.Debug|x86.ActiveCfg = Debug|x86
		{4B31D505-BC28-4886-BE27-538BA154B60E}.Debug|x86.Build.0 = Debug|x86
		{4B31D505-BC28-4886-BE27-538BA154B60E}.Release|Any CPU.ActiveCfg = Release|Any CPU
		{4B31D505-BC28-4886-BE27-538BA154B60E}.Release|Any CPU.Build.0 = Release|Any CPU
		{4B31D505-BC28-4886-BE27-538BA154B60E}.Release|x64.ActiveCfg = Release|x64
		{4B31D505-BC28-4886-BE27-538BA154B60E}.Release|x64.Build.0 = Release|x64
		{4B31D505-BC28-4886-BE27-538BA154B60E}.Release|x86.ActiveCfg = Release|x86
		{4B31D505-BC28-4886-BE27-538BA154B60E}.Release|x86.Build.0 = Release|x86
		{9EDF20F2-5BDA-43AB-B00F-4ABDF084BBF4}.Debug|Any CPU.ActiveCfg = Debug|Any CPU
		{9EDF20F2-5BDA-43AB-B00F-4ABDF084BBF4}.Debug|Any CPU.Build.0 = Debug|Any CPU
		{9EDF20F2-5BDA-43AB-B00F-4ABDF084BBF4}.Debug|x64.ActiveCfg = Debug|x64
		{9EDF20F2-5BDA-43AB-B00F-4ABDF084BBF4}.Debug|x64.Build.0 = Debug|x64
		{9EDF20F2-5BDA-43AB-B00F-4ABDF084BBF4}.Debug|x86.ActiveCfg = Debug|x86
		{9EDF20F2-5BDA-43AB-B00F-4ABDF084BBF4}.Debug|x86.Build.0 = Debug|x86
		{9EDF20F2-5BDA-43AB-B00F-4ABDF084BBF4}.Release|Any CPU.ActiveCfg = Release|Any CPU
		{9EDF20F2-5BDA-43AB-B00F-4ABDF084BBF4}.Release|Any CPU.Build.0 = Release|Any CPU
		{9EDF20F2-5BDA-43AB-B00F-4ABDF084BBF4}.Release|x64.ActiveCfg = Release|x64
		{9EDF20F2-5BDA-43AB-B00F-4ABDF084BBF4}.Release|x64.Build.0 = Release|x64
		{9EDF20F2-5BDA-43AB-B00F-4ABDF084BBF4}.Release|x86.ActiveCfg = Release|x86
		{9EDF20F2-5BDA-43AB-B00F-4ABDF084BBF4}.Release|x86.Build.0 = Release|x86
		{6AC05AE3-E4E1-49FD-8C65-2A1401243D8F}.Debug|Any CPU.ActiveCfg = Debug|Any CPU
		{6AC05AE3-E4E1-49FD-8C65-2A1401243D8F}.Debug|Any CPU.Build.0 = Debug|Any CPU
		{6AC05AE3-E4E1-49FD-8C65-2A1401243D8F}.Debug|x64.ActiveCfg = Debug|x64
		{6AC05AE3-E4E1-49FD-8C65-2A1401243D8F}.Debug|x64.Build.0 = Debug|x64
		{6AC05AE3-E4E1-49FD-8C65-2A1401243D8F}.Debug|x86.ActiveCfg = Debug|x86
		{6AC05AE3-E4E1-49FD-8C65-2A1401243D8F}.Debug|x86.Build.0 = Debug|x86
		{6AC05AE3-E4E1-49FD-8C65-2A1401243D8F}.Release|Any CPU.ActiveCfg = Release|Any CPU
		{6AC05AE3-E4E1-49FD-8C65-2A1401243D8F}.Release|Any CPU.Build.0 = Release|Any CPU
		{6AC05AE3-E4E1-49FD-8C65-2A1401243D8F}.Release|x64.ActiveCfg = Release|x64
		{6AC05AE3-E4E1-49FD-8C65-2A1401243D8F}.Release|x64.Build.0 = Release|x64
		{6AC05AE3-E4E1-49FD-8C65-2A1401243D8F}.Release|x86.ActiveCfg = Release|x86
		{6AC05AE3-E4E1-49FD-8C65-2A1401243D8F}.Release|x86.Build.0 = Release|x86
		{B2F7609D-FE8D-4518-85BC-D03F081362DA}.Debug|Any CPU.ActiveCfg = Debug|Any CPU
		{B2F7609D-FE8D-4518-85BC-D03F081362DA}.Debug|Any CPU.Build.0 = Debug|Any CPU
		{B2F7609D-FE8D-4518-85BC-D03F081362DA}.Debug|x64.ActiveCfg = Debug|x64
		{B2F7609D-FE8D-4518-85BC-D03F081362DA}.Debug|x64.Build.0 = Debug|x64
		{B2F7609D-FE8D-4518-85BC-D03F081362DA}.Debug|x86.ActiveCfg = Debug|x86
		{B2F7609D-FE8D-4518-85BC-D03F081362DA}.Debug|x86.Build.0 = Debug|x86
		{B2F7609D-FE8D-4518-85BC-D03F081362DA}.Release|Any CPU.ActiveCfg = Release|Any CPU
		{B2F7609D-FE8D-4518-85BC-D03F081362DA}.Release|Any CPU.Build.0 = Release|Any CPU
		{B2F7609D-FE8D-4518-85BC-D03F081362DA}.Release|x64.ActiveCfg = Release|x64
		{B2F7609D-FE8D-4518-85BC-D03F081362DA}.Release|x64.Build.0 = Release|x64
		{B2F7609D-FE8D-4518-85BC-D03F081362DA}.Release|x86.ActiveCfg = Release|x86
		{B2F7609D-FE8D-4518-85BC-D03F081362DA}.Release|x86.Build.0 = Release|x86
		{86AF0012-C95B-4E91-AA67-78191E1F31EB}.Debug|Any CPU.ActiveCfg = Debug|Any CPU
		{86AF0012-C95B-4E91-AA67-78191E1F31EB}.Debug|Any CPU.Build.0 = Debug|Any CPU
		{86AF0012-C95B-4E91-AA67-78191E1F31EB}.Debug|x64.ActiveCfg = Debug|x64
		{86AF0012-C95B-4E91-AA67-78191E1F31EB}.Debug|x64.Build.0 = Debug|x64
		{86AF0012-C95B-4E91-AA67-78191E1F31EB}.Debug|x86.ActiveCfg = Debug|x86
		{86AF0012-C95B-4E91-AA67-78191E1F31EB}.Debug|x86.Build.0 = Debug|x86
		{86AF0012-C95B-4E91-AA67-78191E1F31EB}.Release|Any CPU.ActiveCfg = Release|Any CPU
		{86AF0012-C95B-4E91-AA67-78191E1F31EB}.Release|Any CPU.Build.0 = Release|Any CPU
		{86AF0012-C95B-4E91-AA67-78191E1F31EB}.Release|x64.ActiveCfg = Release|x64
		{86AF0012-C95B-4E91-AA67-78191E1F31EB}.Release|x64.Build.0 = Release|x64
		{86AF0012-C95B-4E91-AA67-78191E1F31EB}.Release|x86.ActiveCfg = Release|x86
		{86AF0012-C95B-4E91-AA67-78191E1F31EB}.Release|x86.Build.0 = Release|x86
		{90815CC0-760B-4936-AAC3-CA225D0F61A6}.Debug|Any CPU.ActiveCfg = Debug|Any CPU
		{90815CC0-760B-4936-AAC3-CA225D0F61A6}.Debug|Any CPU.Build.0 = Debug|Any CPU
		{90815CC0-760B-4936-AAC3-CA225D0F61A6}.Debug|x64.ActiveCfg = Debug|x64
		{90815CC0-760B-4936-AAC3-CA225D0F61A6}.Debug|x64.Build.0 = Debug|x64
		{90815CC0-760B-4936-AAC3-CA225D0F61A6}.Debug|x86.ActiveCfg = Debug|x86
		{90815CC0-760B-4936-AAC3-CA225D0F61A6}.Debug|x86.Build.0 = Debug|x86
		{90815CC0-760B-4936-AAC3-CA225D0F61A6}.Release|Any CPU.ActiveCfg = Release|Any CPU
		{90815CC0-760B-4936-AAC3-CA225D0F61A6}.Release|Any CPU.Build.0 = Release|Any CPU
		{90815CC0-760B-4936-AAC3-CA225D0F61A6}.Release|x64.ActiveCfg = Release|x64
		{90815CC0-760B-4936-AAC3-CA225D0F61A6}.Release|x64.Build.0 = Release|x64
		{90815CC0-760B-4936-AAC3-CA225D0F61A6}.Release|x86.ActiveCfg = Release|x86
		{90815CC0-760B-4936-AAC3-CA225D0F61A6}.Release|x86.Build.0 = Release|x86
		{D91392A2-ED28-445B-B8F7-A3719CD2DFB4}.Debug|Any CPU.ActiveCfg = Debug|Any CPU
		{D91392A2-ED28-445B-B8F7-A3719CD2DFB4}.Debug|Any CPU.Build.0 = Debug|Any CPU
		{D91392A2-ED28-445B-B8F7-A3719CD2DFB4}.Debug|x64.ActiveCfg = Debug|x64
		{D91392A2-ED28-445B-B8F7-A3719CD2DFB4}.Debug|x64.Build.0 = Debug|x64
		{D91392A2-ED28-445B-B8F7-A3719CD2DFB4}.Debug|x86.ActiveCfg = Debug|x86
		{D91392A2-ED28-445B-B8F7-A3719CD2DFB4}.Debug|x86.Build.0 = Debug|x86
		{D91392A2-ED28-445B-B8F7-A3719CD2DFB4}.Release|Any CPU.ActiveCfg = Release|Any CPU
		{D91392A2-ED28-445B-B8F7-A3719CD2DFB4}.Release|Any CPU.Build.0 = Release|Any CPU
		{D91392A2-ED28-445B-B8F7-A3719CD2DFB4}.Release|x64.ActiveCfg = Release|x64
		{D91392A2-ED28-445B-B8F7-A3719CD2DFB4}.Release|x64.Build.0 = Release|x64
		{D91392A2-ED28-445B-B8F7-A3719CD2DFB4}.Release|x86.ActiveCfg = Release|x86
		{D91392A2-ED28-445B-B8F7-A3719CD2DFB4}.Release|x86.Build.0 = Release|x86
		{4D53B202-D721-4228-9BC3-699F4C42CFAB}.Debug|Any CPU.ActiveCfg = Debug|Any CPU
		{4D53B202-D721-4228-9BC3-699F4C42CFAB}.Debug|Any CPU.Build.0 = Debug|Any CPU
		{4D53B202-D721-4228-9BC3-699F4C42CFAB}.Debug|x64.ActiveCfg = Debug|Any CPU
		{4D53B202-D721-4228-9BC3-699F4C42CFAB}.Debug|x64.Build.0 = Debug|Any CPU
		{4D53B202-D721-4228-9BC3-699F4C42CFAB}.Debug|x86.ActiveCfg = Debug|Any CPU
		{4D53B202-D721-4228-9BC3-699F4C42CFAB}.Debug|x86.Build.0 = Debug|Any CPU
		{4D53B202-D721-4228-9BC3-699F4C42CFAB}.Release|Any CPU.ActiveCfg = Release|Any CPU
		{4D53B202-D721-4228-9BC3-699F4C42CFAB}.Release|Any CPU.Build.0 = Release|Any CPU
		{4D53B202-D721-4228-9BC3-699F4C42CFAB}.Release|x64.ActiveCfg = Release|Any CPU
		{4D53B202-D721-4228-9BC3-699F4C42CFAB}.Release|x64.Build.0 = Release|Any CPU
		{4D53B202-D721-4228-9BC3-699F4C42CFAB}.Release|x86.ActiveCfg = Release|Any CPU
		{4D53B202-D721-4228-9BC3-699F4C42CFAB}.Release|x86.Build.0 = Release|Any CPU
	EndGlobalSection
	GlobalSection(SolutionProperties) = preSolution
		HideSolutionNode = FALSE
	EndGlobalSection
	GlobalSection(NestedProjects) = preSolution
		{064B0EBE-7A12-4082-9A1C-5F96F3C2E990} = {910C669C-498E-4F75-AA4A-8B424E5975FA}
		{5775DF2F-C737-4BF4-A610-E1A73E782615} = {910C669C-498E-4F75-AA4A-8B424E5975FA}
		{DCC8E88F-B8AC-41C8-BA0D-B0537C15ED56} = {910C669C-498E-4F75-AA4A-8B424E5975FA}
		{278F027C-DCA0-46C4-AD0C-FDC411237446} = {910C669C-498E-4F75-AA4A-8B424E5975FA}
		{9BD7F493-2515-4884-96B4-7B9912C38593} = {910C669C-498E-4F75-AA4A-8B424E5975FA}
		{2B4F83EF-6E5D-49B7-A54E-6C72D0B3B9A4} = {910C669C-498E-4F75-AA4A-8B424E5975FA}
		{729EF91C-DE5E-430A-9696-BB187D0120F6} = {910C669C-498E-4F75-AA4A-8B424E5975FA}
		{EB97C3A4-7D4A-47AF-9CA1-3D56A075DD30} = {910C669C-498E-4F75-AA4A-8B424E5975FA}
		{6861294C-2A08-4C7B-9CDD-AF2F9B3DD13C} = {910C669C-498E-4F75-AA4A-8B424E5975FA}
		{61BA0B0D-B27B-49C4-BDD1-E9F54369B530} = {910C669C-498E-4F75-AA4A-8B424E5975FA}
		{7E74A5AE-2422-4D87-98E8-77F100E35149} = {910C669C-498E-4F75-AA4A-8B424E5975FA}
		{A9EC2A73-025C-4C50-975A-B44F0618F4B0} = {910C669C-498E-4F75-AA4A-8B424E5975FA}
		{2AAFEF43-5FE9-4DE2-9A1D-635DE68E3347} = {910C669C-498E-4F75-AA4A-8B424E5975FA}
		{D54AEBE3-5826-4A94-BFD9-4029612A89B1} = {910C669C-498E-4F75-AA4A-8B424E5975FA}
		{DEF1F4BA-8E78-4B87-A579-5DCADC60E03F} = {910C669C-498E-4F75-AA4A-8B424E5975FA}
		{F8FEEC93-DAF8-418B-A2E1-E5A99722FE52} = {910C669C-498E-4F75-AA4A-8B424E5975FA}
		{4B31D505-BC28-4886-BE27-538BA154B60E} = {910C669C-498E-4F75-AA4A-8B424E5975FA}
		{9EDF20F2-5BDA-43AB-B00F-4ABDF084BBF4} = {910C669C-498E-4F75-AA4A-8B424E5975FA}
		{6AC05AE3-E4E1-49FD-8C65-2A1401243D8F} = {910C669C-498E-4F75-AA4A-8B424E5975FA}
		{B2F7609D-FE8D-4518-85BC-D03F081362DA} = {910C669C-498E-4F75-AA4A-8B424E5975FA}
		{86AF0012-C95B-4E91-AA67-78191E1F31EB} = {910C669C-498E-4F75-AA4A-8B424E5975FA}
		{90815CC0-760B-4936-AAC3-CA225D0F61A6} = {910C669C-498E-4F75-AA4A-8B424E5975FA}
	EndGlobalSection
	GlobalSection(ExtensibilityGlobals) = postSolution
		SolutionGuid = {CF30626D-2138-48B6-AABE-593632EC45AB}
	EndGlobalSection
	GlobalSection(SubversionScc) = preSolution
		Svn-Managed = True
		Manager = AnkhSVN - Subversion Support for Visual Studio
	EndGlobalSection
EndGlobal
